
Microsoft Visual Studio Solution File, Format Version 12.00
# Visual Studio Version 17
VisualStudioVersion = 17.11.35312.102
MinimumVisualStudioVersion = 10.0.40219.1
Project("{2150E333-8FDC-42A3-9474-1A3956D46DE8}") = "Task0", "Task0", "{18CC34C5-E372-4CB7-AC93-B3B0C577B0D1}"
EndProject
Project("{9A19103F-16F7-4668-BE54-9A1E7A4F7556}") = "Tyuiu.SosninFM.Sprint3.Task0.V7", "Tyuiu.SosninFM.Sprint3.Task0.V7\Tyuiu.SosninFM.Sprint3.Task0.V7.csproj", "{E7AE31E6-FE10-4F28-8DE2-4A44F8221FB4}"
EndProject
Project("{9A19103F-16F7-4668-BE54-9A1E7A4F7556}") = "Tyuiu.SosninFM.Sprint3.Task0.V7.Test", "Tyuiu.SosninFM.Sprint3.Task0.V7.Test\Tyuiu.SosninFM.Sprint3.Task0.V7.Test.csproj", "{8776CC00-C4B3-4DAB-BB52-F40C9938A986}"
EndProject
Project("{9A19103F-16F7-4668-BE54-9A1E7A4F7556}") = "Tyuiu.SosninFM.Sprint3.Task0.V7.Lib", "Tyuiu.SosninFM.Sprint3.Task0.V7.Lib\Tyuiu.SosninFM.Sprint3.Task0.V7.Lib.csproj", "{C9834090-9F10-45AF-86D5-95651E3BA290}"
EndProject
Project("{2150E333-8FDC-42A3-9474-1A3956D46DE8}") = "Task1", "Task1", "{7391EF7D-1006-4249-B4E9-42569A7A835D}"
EndProject
Project("{9A19103F-16F7-4668-BE54-9A1E7A4F7556}") = "Tyuiu.SosninFM.Sprint3.Task1.V30.Test", "Tyuiu.SosninFM.Sprint3.Task1.V30.Test\Tyuiu.SosninFM.Sprint3.Task1.V30.Test.csproj", "{F604B3A0-1EE6-4BC2-96B1-5F7DFEDF0585}"
EndProject
Project("{9A19103F-16F7-4668-BE54-9A1E7A4F7556}") = "Tyuiu.SosninFM.Sprint3.Task1.V30.Lib", "Tyuiu.SosninFM.Sprint3.Task1.V30.Lib\Tyuiu.SosninFM.Sprint3.Task1.V30.Lib.csproj", "{789816FC-A45B-4679-9684-22B1BF96AE02}"
EndProject
Project("{9A19103F-16F7-4668-BE54-9A1E7A4F7556}") = "Tyuiu.SosninFM.Sprint3.Task1.V30", "Tyuiu.SosninFM.Sprint3.Task1.V30\Tyuiu.SosninFM.Sprint3.Task1.V30.csproj", "{7AD2198A-FCB9-4018-88ED-57376CF2BD47}"
EndProject
Project("{2150E333-8FDC-42A3-9474-1A3956D46DE8}") = "Task2", "Task2", "{0934949A-6C76-4461-A16E-1D48EDA83E04}"
EndProject
Project("{9A19103F-16F7-4668-BE54-9A1E7A4F7556}") = "Tyuiu.SosninFM.Sprint3.Task2.V18", "Tyuiu.SosninFM.Sprint3.Task2.V18\Tyuiu.SosninFM.Sprint3.Task2.V18.csproj", "{620B0B33-1F67-4689-A356-F833D7514DB0}"
EndProject
Project("{9A19103F-16F7-4668-BE54-9A1E7A4F7556}") = "Tyuiu.SosninFM.Sprint3.Task2.V18.Lib", "Tyuiu.SosninFM.Sprint3.Task2.V18.Lib\Tyuiu.SosninFM.Sprint3.Task2.V18.Lib.csproj", "{2760CF5F-D9D2-4E9F-9664-6155DAC1FBBE}"
EndProject
Project("{9A19103F-16F7-4668-BE54-9A1E7A4F7556}") = "Tyuiu.SosninFM.Sprint3.Task2.V18.Test", "Tyuiu.SosninFM.Sprint3.Task2.V18.Test\Tyuiu.SosninFM.Sprint3.Task2.V18.Test.csproj", "{43F4D95C-BB6A-4DEC-BC5E-94E025A6FA2E}"
EndProject
Project("{2150E333-8FDC-42A3-9474-1A3956D46DE8}") = "Task3", "Task3", "{05971757-7585-45CA-A856-C3530CE211E4}"
EndProject
Project("{9A19103F-16F7-4668-BE54-9A1E7A4F7556}") = "Tyuiu.SosninFM.Sprint3.Task3.V1.Test", "Tyuiu.SosninFM.Sprint3.Task3.V1.Test\Tyuiu.SosninFM.Sprint3.Task3.V1.Test.csproj", "{5967AEEB-36AB-413E-BB88-BE88D3EDBD75}"
EndProject
Project("{9A19103F-16F7-4668-BE54-9A1E7A4F7556}") = "Tyuiu.SosninFM.Sprint3.Task3.V1.Lib", "Tyuiu.SosninFM.Sprint3.Task3.V1.Lib\Tyuiu.SosninFM.Sprint3.Task3.V1.Lib.csproj", "{EC9A618C-9706-45DE-9C15-8EA6791E8F0B}"
EndProject
Project("{9A19103F-16F7-4668-BE54-9A1E7A4F7556}") = "Tyuiu.SosninFM.Sprint3.Task3.V1", "Tyuiu.SosninFM.Sprint3.Task3.V1\Tyuiu.SosninFM.Sprint3.Task3.V1.csproj", "{50260572-362F-4E7A-8C09-3496A73090D4}"
EndProject
Project("{2150E333-8FDC-42A3-9474-1A3956D46DE8}") = "Task4", "Task4", "{25EF99DB-A9B9-4D3F-AF59-63784B5CBDE9}"
EndProject
Project("{9A19103F-16F7-4668-BE54-9A1E7A4F7556}") = "Tyuiu.SosninFM.Sprint3.Task4.V28", "Tyuiu.SosninFM.Sprint3.Task4.V28\Tyuiu.SosninFM.Sprint3.Task4.V28.csproj", "{AD2865E8-E624-4D13-B2A9-59CDD3F3B9CD}"
EndProject
Project("{9A19103F-16F7-4668-BE54-9A1E7A4F7556}") = "Tyuiu.SosninFM.Sprint3.Task4.V28.Lib", "Tyuiu.SosninFM.Sprint3.Task4.V28.Lib\Tyuiu.SosninFM.Sprint3.Task4.V28.Lib.csproj", "{72AC0EFD-B84D-47CE-9E6F-9DC7BD79E84E}"
EndProject
Project("{9A19103F-16F7-4668-BE54-9A1E7A4F7556}") = "Tyuiu.SosninFM.Sprint3.Task4.V28.Test", "Tyuiu.SosninFM.Sprint3.Task4.V28.Test\Tyuiu.SosninFM.Sprint3.Task4.V28.Test.csproj", "{22BA7337-2B87-470F-9D32-9679F2C941C8}"
EndProject
Project("{2150E333-8FDC-42A3-9474-1A3956D46DE8}") = "Task5", "Task5", "{B5D6FF33-8D4D-48FE-BB5B-20CB72E5385A}"
EndProject
Project("{9A19103F-16F7-4668-BE54-9A1E7A4F7556}") = "Tyuiu.SosninFM.Sprint3.Task5.V16.Test", "Tyuiu.SosninFM.Sprint3.Task5.V16.Test\Tyuiu.SosninFM.Sprint3.Task5.V16.Test.csproj", "{8AA47991-27D6-4694-91C7-F02C435BFEAA}"
EndProject
Project("{9A19103F-16F7-4668-BE54-9A1E7A4F7556}") = "Tyuiu.SosninFM.Sprint3.Task5.V16.Lib", "Tyuiu.SosninFM.Sprint3.Task5.V16.Lib\Tyuiu.SosninFM.Sprint3.Task5.V16.Lib.csproj", "{B575A72E-494A-459B-AF4F-B1F064FB99AF}"
EndProject
Project("{9A19103F-16F7-4668-BE54-9A1E7A4F7556}") = "Tyuiu.SosninFM.Sprint3.Task5.V16", "Tyuiu.SosninFM.Sprint3.Task5.V16\Tyuiu.SosninFM.Sprint3.Task5.V16.csproj", "{A5B8809B-7F26-4A5D-A9D7-C02A4E2559BC}"
EndProject
Project("{2150E333-8FDC-42A3-9474-1A3956D46DE8}") = "Task6", "Task6", "{9078DBCE-9CAC-4F03-B8CA-C937A2E7E6E2}"
EndProject
Project("{FAE04EC0-301F-11D3-BF4B-00C04F79EFBC}") = "Tyuiu.SosninFM.Sprint3.Task6.V19.Lib", "Tyuiu.SosninFM.Sprint3.Task6.V19.Lib\Tyuiu.SosninFM.Sprint3.Task6.V19.Lib.csproj", "{E6DFA335-8940-49D3-B671-4784613AC0B0}"
EndProject
Project("{FAE04EC0-301F-11D3-BF4B-00C04F79EFBC}") = "Tyuiu.SosninFM.Sprint3.Task6.V19", "Tyuiu.SosninFM.Sprint3.Task6.V19\Tyuiu.SosninFM.Sprint3.Task6.V19.csproj", "{B24D0DA4-0B47-4A22-8906-E66DCE04AF87}"
EndProject
Project("{FAE04EC0-301F-11D3-BF4B-00C04F79EFBC}") = "Tyuiu.SosninFM.Sprint3.Task6.V19.Test", "Tyuiu.SosninFM.Sprint3.Task6.V19.Test\Tyuiu.SosninFM.Sprint3.Task6.V19.Test.csproj", "{6DDDF7B9-B258-4736-8CCC-D2436A4E6027}"
EndProject
Global
	GlobalSection(SolutionConfigurationPlatforms) = preSolution
		Debug|Any CPU = Debug|Any CPU
		Release|Any CPU = Release|Any CPU
	EndGlobalSection
	GlobalSection(ProjectConfigurationPlatforms) = postSolution
		{E7AE31E6-FE10-4F28-8DE2-4A44F8221FB4}.Debug|Any CPU.ActiveCfg = Debug|Any CPU
		{E7AE31E6-FE10-4F28-8DE2-4A44F8221FB4}.Debug|Any CPU.Build.0 = Debug|Any CPU
		{E7AE31E6-FE10-4F28-8DE2-4A44F8221FB4}.Release|Any CPU.ActiveCfg = Release|Any CPU
		{E7AE31E6-FE10-4F28-8DE2-4A44F8221FB4}.Release|Any CPU.Build.0 = Release|Any CPU
		{8776CC00-C4B3-4DAB-BB52-F40C9938A986}.Debug|Any CPU.ActiveCfg = Debug|Any CPU
		{8776CC00-C4B3-4DAB-BB52-F40C9938A986}.Debug|Any CPU.Build.0 = Debug|Any CPU
		{8776CC00-C4B3-4DAB-BB52-F40C9938A986}.Release|Any CPU.ActiveCfg = Release|Any CPU
		{8776CC00-C4B3-4DAB-BB52-F40C9938A986}.Release|Any CPU.Build.0 = Release|Any CPU
		{C9834090-9F10-45AF-86D5-95651E3BA290}.Debug|Any CPU.ActiveCfg = Debug|Any CPU
		{C9834090-9F10-45AF-86D5-95651E3BA290}.Debug|Any CPU.Build.0 = Debug|Any CPU
		{C9834090-9F10-45AF-86D5-95651E3BA290}.Release|Any CPU.ActiveCfg = Release|Any CPU
		{C9834090-9F10-45AF-86D5-95651E3BA290}.Release|Any CPU.Build.0 = Release|Any CPU
		{F604B3A0-1EE6-4BC2-96B1-5F7DFEDF0585}.Debug|Any CPU.ActiveCfg = Debug|Any CPU
		{F604B3A0-1EE6-4BC2-96B1-5F7DFEDF0585}.Debug|Any CPU.Build.0 = Debug|Any CPU
		{F604B3A0-1EE6-4BC2-96B1-5F7DFEDF0585}.Release|Any CPU.ActiveCfg = Release|Any CPU
		{F604B3A0-1EE6-4BC2-96B1-5F7DFEDF0585}.Release|Any CPU.Build.0 = Release|Any CPU
		{789816FC-A45B-4679-9684-22B1BF96AE02}.Debug|Any CPU.ActiveCfg = Debug|Any CPU
		{789816FC-A45B-4679-9684-22B1BF96AE02}.Debug|Any CPU.Build.0 = Debug|Any CPU
		{789816FC-A45B-4679-9684-22B1BF96AE02}.Release|Any CPU.ActiveCfg = Release|Any CPU
		{789816FC-A45B-4679-9684-22B1BF96AE02}.Release|Any CPU.Build.0 = Release|Any CPU
		{7AD2198A-FCB9-4018-88ED-57376CF2BD47}.Debug|Any CPU.ActiveCfg = Debug|Any CPU
		{7AD2198A-FCB9-4018-88ED-57376CF2BD47}.Debug|Any CPU.Build.0 = Debug|Any CPU
		{7AD2198A-FCB9-4018-88ED-57376CF2BD47}.Release|Any CPU.ActiveCfg = Release|Any CPU
		{7AD2198A-FCB9-4018-88ED-57376CF2BD47}.Release|Any CPU.Build.0 = Release|Any CPU
		{620B0B33-1F67-4689-A356-F833D7514DB0}.Debug|Any CPU.ActiveCfg = Debug|Any CPU
		{620B0B33-1F67-4689-A356-F833D7514DB0}.Debug|Any CPU.Build.0 = Debug|Any CPU
		{620B0B33-1F67-4689-A356-F833D7514DB0}.Release|Any CPU.ActiveCfg = Release|Any CPU
		{620B0B33-1F67-4689-A356-F833D7514DB0}.Release|Any CPU.Build.0 = Release|Any CPU
		{2760CF5F-D9D2-4E9F-9664-6155DAC1FBBE}.Debug|Any CPU.ActiveCfg = Debug|Any CPU
		{2760CF5F-D9D2-4E9F-9664-6155DAC1FBBE}.Debug|Any CPU.Build.0 = Debug|Any CPU
		{2760CF5F-D9D2-4E9F-9664-6155DAC1FBBE}.Release|Any CPU.ActiveCfg = Release|Any CPU
		{2760CF5F-D9D2-4E9F-9664-6155DAC1FBBE}.Release|Any CPU.Build.0 = Release|Any CPU
		{43F4D95C-BB6A-4DEC-BC5E-94E025A6FA2E}.Debug|Any CPU.ActiveCfg = Debug|Any CPU
		{43F4D95C-BB6A-4DEC-BC5E-94E025A6FA2E}.Debug|Any CPU.Build.0 = Debug|Any CPU
		{43F4D95C-BB6A-4DEC-BC5E-94E025A6FA2E}.Release|Any CPU.ActiveCfg = Release|Any CPU
		{43F4D95C-BB6A-4DEC-BC5E-94E025A6FA2E}.Release|Any CPU.Build.0 = Release|Any CPU
		{5967AEEB-36AB-413E-BB88-BE88D3EDBD75}.Debug|Any CPU.ActiveCfg = Debug|Any CPU
		{5967AEEB-36AB-413E-BB88-BE88D3EDBD75}.Debug|Any CPU.Build.0 = Debug|Any CPU
		{5967AEEB-36AB-413E-BB88-BE88D3EDBD75}.Release|Any CPU.ActiveCfg = Release|Any CPU
		{5967AEEB-36AB-413E-BB88-BE88D3EDBD75}.Release|Any CPU.Build.0 = Release|Any CPU
		{EC9A618C-9706-45DE-9C15-8EA6791E8F0B}.Debug|Any CPU.ActiveCfg = Debug|Any CPU
		{EC9A618C-9706-45DE-9C15-8EA6791E8F0B}.Debug|Any CPU.Build.0 = Debug|Any CPU
		{EC9A618C-9706-45DE-9C15-8EA6791E8F0B}.Release|Any CPU.ActiveCfg = Release|Any CPU
		{EC9A618C-9706-45DE-9C15-8EA6791E8F0B}.Release|Any CPU.Build.0 = Release|Any CPU
		{50260572-362F-4E7A-8C09-3496A73090D4}.Debug|Any CPU.ActiveCfg = Debug|Any CPU
		{50260572-362F-4E7A-8C09-3496A73090D4}.Debug|Any CPU.Build.0 = Debug|Any CPU
		{50260572-362F-4E7A-8C09-3496A73090D4}.Release|Any CPU.ActiveCfg = Release|Any CPU
		{50260572-362F-4E7A-8C09-3496A73090D4}.Release|Any CPU.Build.0 = Release|Any CPU
		{AD2865E8-E624-4D13-B2A9-59CDD3F3B9CD}.Debug|Any CPU.ActiveCfg = Debug|Any CPU
		{AD2865E8-E624-4D13-B2A9-59CDD3F3B9CD}.Debug|Any CPU.Build.0 = Debug|Any CPU
		{AD2865E8-E624-4D13-B2A9-59CDD3F3B9CD}.Release|Any CPU.ActiveCfg = Release|Any CPU
		{AD2865E8-E624-4D13-B2A9-59CDD3F3B9CD}.Release|Any CPU.Build.0 = Release|Any CPU
		{72AC0EFD-B84D-47CE-9E6F-9DC7BD79E84E}.Debug|Any CPU.ActiveCfg = Debug|Any CPU
		{72AC0EFD-B84D-47CE-9E6F-9DC7BD79E84E}.Debug|Any CPU.Build.0 = Debug|Any CPU
		{72AC0EFD-B84D-47CE-9E6F-9DC7BD79E84E}.Release|Any CPU.ActiveCfg = Release|Any CPU
		{72AC0EFD-B84D-47CE-9E6F-9DC7BD79E84E}.Release|Any CPU.Build.0 = Release|Any CPU
		{22BA7337-2B87-470F-9D32-9679F2C941C8}.Debug|Any CPU.ActiveCfg = Debug|Any CPU
		{22BA7337-2B87-470F-9D32-9679F2C941C8}.Debug|Any CPU.Build.0 = Debug|Any CPU
		{22BA7337-2B87-470F-9D32-9679F2C941C8}.Release|Any CPU.ActiveCfg = Release|Any CPU
		{22BA7337-2B87-470F-9D32-9679F2C941C8}.Release|Any CPU.Build.0 = Release|Any CPU
		{8AA47991-27D6-4694-91C7-F02C435BFEAA}.Debug|Any CPU.ActiveCfg = Debug|Any CPU
		{8AA47991-27D6-4694-91C7-F02C435BFEAA}.Debug|Any CPU.Build.0 = Debug|Any CPU
		{8AA47991-27D6-4694-91C7-F02C435BFEAA}.Release|Any CPU.ActiveCfg = Release|Any CPU
		{8AA47991-27D6-4694-91C7-F02C435BFEAA}.Release|Any CPU.Build.0 = Release|Any CPU
		{B575A72E-494A-459B-AF4F-B1F064FB99AF}.Debug|Any CPU.ActiveCfg = Debug|Any CPU
		{B575A72E-494A-459B-AF4F-B1F064FB99AF}.Debug|Any CPU.Build.0 = Debug|Any CPU
		{B575A72E-494A-459B-AF4F-B1F064FB99AF}.Release|Any CPU.ActiveCfg = Release|Any CPU
		{B575A72E-494A-459B-AF4F-B1F064FB99AF}.Release|Any CPU.Build.0 = Release|Any CPU
		{A5B8809B-7F26-4A5D-A9D7-C02A4E2559BC}.Debug|Any CPU.ActiveCfg = Debug|Any CPU
		{A5B8809B-7F26-4A5D-A9D7-C02A4E2559BC}.Debug|Any CPU.Build.0 = Debug|Any CPU
		{A5B8809B-7F26-4A5D-A9D7-C02A4E2559BC}.Release|Any CPU.ActiveCfg = Release|Any CPU
		{A5B8809B-7F26-4A5D-A9D7-C02A4E2559BC}.Release|Any CPU.Build.0 = Release|Any CPU
		{E6DFA335-8940-49D3-B671-4784613AC0B0}.Debug|Any CPU.ActiveCfg = Debug|Any CPU
		{E6DFA335-8940-49D3-B671-4784613AC0B0}.Debug|Any CPU.Build.0 = Debug|Any CPU
		{E6DFA335-8940-49D3-B671-4784613AC0B0}.Release|Any CPU.ActiveCfg = Release|Any CPU
		{E6DFA335-8940-49D3-B671-4784613AC0B0}.Release|Any CPU.Build.0 = Release|Any CPU
		{B24D0DA4-0B47-4A22-8906-E66DCE04AF87}.Debug|Any CPU.ActiveCfg = Debug|Any CPU
		{B24D0DA4-0B47-4A22-8906-E66DCE04AF87}.Debug|Any CPU.Build.0 = Debug|Any CPU
		{B24D0DA4-0B47-4A22-8906-E66DCE04AF87}.Release|Any CPU.ActiveCfg = Release|Any CPU
		{B24D0DA4-0B47-4A22-8906-E66DCE04AF87}.Release|Any CPU.Build.0 = Release|Any CPU
		{6DDDF7B9-B258-4736-8CCC-D2436A4E6027}.Debug|Any CPU.ActiveCfg = Debug|Any CPU
		{6DDDF7B9-B258-4736-8CCC-D2436A4E6027}.Debug|Any CPU.Build.0 = Debug|Any CPU
		{6DDDF7B9-B258-4736-8CCC-D2436A4E6027}.Release|Any CPU.ActiveCfg = Release|Any CPU
		{6DDDF7B9-B258-4736-8CCC-D2436A4E6027}.Release|Any CPU.Build.0 = Release|Any CPU
	EndGlobalSection
	GlobalSection(SolutionProperties) = preSolution
		HideSolutionNode = FALSE
	EndGlobalSection
	GlobalSection(NestedProjects) = preSolution
		{E7AE31E6-FE10-4F28-8DE2-4A44F8221FB4} = {18CC34C5-E372-4CB7-AC93-B3B0C577B0D1}
		{8776CC00-C4B3-4DAB-BB52-F40C9938A986} = {18CC34C5-E372-4CB7-AC93-B3B0C577B0D1}
		{C9834090-9F10-45AF-86D5-95651E3BA290} = {18CC34C5-E372-4CB7-AC93-B3B0C577B0D1}
		{F604B3A0-1EE6-4BC2-96B1-5F7DFEDF0585} = {7391EF7D-1006-4249-B4E9-42569A7A835D}
		{789816FC-A45B-4679-9684-22B1BF96AE02} = {7391EF7D-1006-4249-B4E9-42569A7A835D}
		{7AD2198A-FCB9-4018-88ED-57376CF2BD47} = {7391EF7D-1006-4249-B4E9-42569A7A835D}
		{620B0B33-1F67-4689-A356-F833D7514DB0} = {0934949A-6C76-4461-A16E-1D48EDA83E04}
		{2760CF5F-D9D2-4E9F-9664-6155DAC1FBBE} = {0934949A-6C76-4461-A16E-1D48EDA83E04}
		{43F4D95C-BB6A-4DEC-BC5E-94E025A6FA2E} = {0934949A-6C76-4461-A16E-1D48EDA83E04}
		{5967AEEB-36AB-413E-BB88-BE88D3EDBD75} = {05971757-7585-45CA-A856-C3530CE211E4}
		{EC9A618C-9706-45DE-9C15-8EA6791E8F0B} = {05971757-7585-45CA-A856-C3530CE211E4}
		{50260572-362F-4E7A-8C09-3496A73090D4} = {05971757-7585-45CA-A856-C3530CE211E4}
		{AD2865E8-E624-4D13-B2A9-59CDD3F3B9CD} = {25EF99DB-A9B9-4D3F-AF59-63784B5CBDE9}
		{72AC0EFD-B84D-47CE-9E6F-9DC7BD79E84E} = {25EF99DB-A9B9-4D3F-AF59-63784B5CBDE9}
		{22BA7337-2B87-470F-9D32-9679F2C941C8} = {25EF99DB-A9B9-4D3F-AF59-63784B5CBDE9}
		{8AA47991-27D6-4694-91C7-F02C435BFEAA} = {B5D6FF33-8D4D-48FE-BB5B-20CB72E5385A}
		{B575A72E-494A-459B-AF4F-B1F064FB99AF} = {B5D6FF33-8D4D-48FE-BB5B-20CB72E5385A}
		{A5B8809B-7F26-4A5D-A9D7-C02A4E2559BC} = {B5D6FF33-8D4D-48FE-BB5B-20CB72E5385A}
		{E6DFA335-8940-49D3-B671-4784613AC0B0} = {9078DBCE-9CAC-4F03-B8CA-C937A2E7E6E2}
		{B24D0DA4-0B47-4A22-8906-E66DCE04AF87} = {9078DBCE-9CAC-4F03-B8CA-C937A2E7E6E2}
		{6DDDF7B9-B258-4736-8CCC-D2436A4E6027} = {9078DBCE-9CAC-4F03-B8CA-C937A2E7E6E2}
	EndGlobalSection
	GlobalSection(ExtensibilityGlobals) = postSolution
		SolutionGuid = {85E80F37-5E8B-43D2-BDF9-700E4ECC5285}
	EndGlobalSection
EndGlobal
